
Microsoft Visual Studio Solution File, Format Version 12.00
# Visual Studio Version 17
VisualStudioVersion = 17.9.34723.18
MinimumVisualStudioVersion = 10.0.40219.1
Project("{9A19103F-16F7-4668-BE54-9A1E7A4F7556}") = "FormatadorDeArquivoDePagamento", "FormatadorDeArquivoDePagamento\FormatadorDeArquivoDePagamento.csproj", "{984004E9-F976-4872-817E-34156D72D666}"
EndProject
Project("{FAE04EC0-301F-11D3-BF4B-00C04F79EFBC}") = "FormatadorDeArquivoDePagamento.Core", "FormatadorDeArquivoDePagamento.Core\FormatadorDeArquivoDePagamento.Core.csproj", "{563FAE63-705A-49C2-8E2F-8C44CE1D6B09}"
EndProject
Global
	GlobalSection(SolutionConfigurationPlatforms) = preSolution
		Debug|Any CPU = Debug|Any CPU
		Release|Any CPU = Release|Any CPU
	EndGlobalSection
	GlobalSection(ProjectConfigurationPlatforms) = postSolution
		{984004E9-F976-4872-817E-34156D72D666}.Debug|Any CPU.ActiveCfg = Debug|Any CPU
		{984004E9-F976-4872-817E-34156D72D666}.Debug|Any CPU.Build.0 = Debug|Any CPU
		{984004E9-F976-4872-817E-34156D72D666}.Release|Any CPU.ActiveCfg = Release|Any CPU
		{984004E9-F976-4872-817E-34156D72D666}.Release|Any CPU.Build.0 = Release|Any CPU
		{563FAE63-705A-49C2-8E2F-8C44CE1D6B09}.Debug|Any CPU.ActiveCfg = Debug|Any CPU
		{563FAE63-705A-49C2-8E2F-8C44CE1D6B09}.Debug|Any CPU.Build.0 = Debug|Any CPU
		{563FAE63-705A-49C2-8E2F-8C44CE1D6B09}.Release|Any CPU.ActiveCfg = Release|Any CPU
		{563FAE63-705A-49C2-8E2F-8C44CE1D6B09}.Release|Any CPU.Build.0 = Release|Any CPU
	EndGlobalSection
	GlobalSection(SolutionProperties) = preSolution
		HideSolutionNode = FALSE
	EndGlobalSection
	GlobalSection(ExtensibilityGlobals) = postSolution
		SolutionGuid = {0FF58551-D36F-4FF1-B8A1-26CD72D16016}
	EndGlobalSection
EndGlobal
